
Microsoft Visual Studio Solution File, Format Version 12.00
# Visual Studio Version 17
VisualStudioVersion = 17.7.34031.279
MinimumVisualStudioVersion = 10.0.40219.1
Project("{FAE04EC0-301F-11D3-BF4B-00C04F79EFBC}") = "Games", "Games\Games.csproj", "{95C42669-0695-4E44-9FBA-16E039187F34}"
EndProject
Global
	GlobalSection(SolutionConfigurationPlatforms) = preSolution
		Debug|Any CPU = Debug|Any CPU
		Release|Any CPU = Release|Any CPU
	EndGlobalSection
	GlobalSection(ProjectConfigurationPlatforms) = postSolution
		{95C42669-0695-4E44-9FBA-16E039187F34}.Debug|Any CPU.ActiveCfg = Debug|Any CPU
		{95C42669-0695-4E44-9FBA-16E039187F34}.Debug|Any CPU.Build.0 = Debug|Any CPU
		{95C42669-0695-4E44-9FBA-16E039187F34}.Release|Any CPU.ActiveCfg = Release|Any CPU
		{95C42669-0695-4E44-9FBA-16E039187F34}.Release|Any CPU.Build.0 = Release|Any CPU
	EndGlobalSection
	GlobalSection(SolutionProperties) = preSolution
		HideSolutionNode = FALSE
	EndGlobalSection
	GlobalSection(ExtensibilityGlobals) = postSolution
		SolutionGuid = {1939C4E7-B620-4EB0-A023-6ED411A65E60}
	EndGlobalSection
EndGlobal
